
Microsoft Visual Studio Solution File, Format Version 12.00
Project("{2150E333-8FDC-42A3-9474-1A3956D46DE8}") = "src", "src", "{176B6A91-759D-4445-85B5-7BDE7E2FF648}"
EndProject
Project("{2150E333-8FDC-42A3-9474-1A3956D46DE8}") = "Api", "Api", "{A724DBB8-CB3B-4BEE-BDF0-40F34C87291F}"
EndProject
Project("{2150E333-8FDC-42A3-9474-1A3956D46DE8}") = "Modules", "Modules", "{7321A526-FF4F-4185-BB7A-0CE03C295A40}"
EndProject
Project("{2150E333-8FDC-42A3-9474-1A3956D46DE8}") = "Events", "Events", "{C162F711-9C4E-4C90-9166-C10CEDDE0E46}"
EndProject
Project("{2150E333-8FDC-42A3-9474-1A3956D46DE8}") = "Solution Items", "Solution Items", "{916530E6-3CEF-4100-A076-64B28382E8E9}"
	ProjectSection(SolutionItems) = preProject
		Directory.Build.props = Directory.Build.props
		compose.yml = compose.yml
		compose.override.yml = compose.override.yml
		.editorconfig = .editorconfig
		.gitignore = .gitignore
	EndProjectSection
EndProject
Project("{FAE04EC0-301F-11D3-BF4B-00C04F79EFBC}") = "Evently.Api", "Evently.Api\Evently.Api.csproj", "{9FBC4FB8-F0E8-4104-813F-89637975DE44}"
EndProject
Project("{FAE04EC0-301F-11D3-BF4B-00C04F79EFBC}") = "Evently.Modules.Events.Domain", "Evently.Modules.Events.Domain\Evently.Modules.Events.Domain.csproj", "{4C9137E7-4BA0-4C76-B0CD-F16364F680E3}"
EndProject
Project("{FAE04EC0-301F-11D3-BF4B-00C04F79EFBC}") = "Evently.Modules.Events.Application", "Evently.Modules.Events.Application\Evently.Modules.Events.Application.csproj", "{C12E919A-239D-4D1A-A4E8-65F3300084E7}"
EndProject
Project("{FAE04EC0-301F-11D3-BF4B-00C04F79EFBC}") = "Evently.Modules.Events.Presentation", "Evently.Modules.Events.Presentation\Evently.Modules.Events.Presentation.csproj", "{817AF1A1-5946-48ED-AA2C-0F1440C718E0}"
EndProject
Project("{FAE04EC0-301F-11D3-BF4B-00C04F79EFBC}") = "Evently.Modules.Events.Infrastructure", "Evently.Modules.Events.Infrastructure\Evently.Modules.Events.Infrastructure.csproj", "{419C22C8-C01A-4898-95B3-99A9849F1997}"
EndProject
Global
	GlobalSection(SolutionConfigurationPlatforms) = preSolution
		Debug|Any CPU = Debug|Any CPU
		Release|Any CPU = Release|Any CPU
	EndGlobalSection
	GlobalSection(NestedProjects) = preSolution
		{A724DBB8-CB3B-4BEE-BDF0-40F34C87291F} = {176B6A91-759D-4445-85B5-7BDE7E2FF648}
		{7321A526-FF4F-4185-BB7A-0CE03C295A40} = {176B6A91-759D-4445-85B5-7BDE7E2FF648}
		{C162F711-9C4E-4C90-9166-C10CEDDE0E46} = {7321A526-FF4F-4185-BB7A-0CE03C295A40}
		{9FBC4FB8-F0E8-4104-813F-89637975DE44} = {A724DBB8-CB3B-4BEE-BDF0-40F34C87291F}
		{4C9137E7-4BA0-4C76-B0CD-F16364F680E3} = {C162F711-9C4E-4C90-9166-C10CEDDE0E46}
		{C12E919A-239D-4D1A-A4E8-65F3300084E7} = {C162F711-9C4E-4C90-9166-C10CEDDE0E46}
		{817AF1A1-5946-48ED-AA2C-0F1440C718E0} = {C162F711-9C4E-4C90-9166-C10CEDDE0E46}
		{419C22C8-C01A-4898-95B3-99A9849F1997} = {C162F711-9C4E-4C90-9166-C10CEDDE0E46}
	EndGlobalSection
	GlobalSection(ProjectConfigurationPlatforms) = postSolution
		{9FBC4FB8-F0E8-4104-813F-89637975DE44}.Debug|Any CPU.ActiveCfg = Debug|Any CPU
		{9FBC4FB8-F0E8-4104-813F-89637975DE44}.Debug|Any CPU.Build.0 = Debug|Any CPU
		{9FBC4FB8-F0E8-4104-813F-89637975DE44}.Release|Any CPU.ActiveCfg = Release|Any CPU
		{9FBC4FB8-F0E8-4104-813F-89637975DE44}.Release|Any CPU.Build.0 = Release|Any CPU
		{4C9137E7-4BA0-4C76-B0CD-F16364F680E3}.Debug|Any CPU.ActiveCfg = Debug|Any CPU
		{4C9137E7-4BA0-4C76-B0CD-F16364F680E3}.Debug|Any CPU.Build.0 = Debug|Any CPU
		{4C9137E7-4BA0-4C76-B0CD-F16364F680E3}.Release|Any CPU.ActiveCfg = Release|Any CPU
		{4C9137E7-4BA0-4C76-B0CD-F16364F680E3}.Release|Any CPU.Build.0 = Release|Any CPU
		{C12E919A-239D-4D1A-A4E8-65F3300084E7}.Debug|Any CPU.ActiveCfg = Debug|Any CPU
		{C12E919A-239D-4D1A-A4E8-65F3300084E7}.Debug|Any CPU.Build.0 = Debug|Any CPU
		{C12E919A-239D-4D1A-A4E8-65F3300084E7}.Release|Any CPU.ActiveCfg = Release|Any CPU
		{C12E919A-239D-4D1A-A4E8-65F3300084E7}.Release|Any CPU.Build.0 = Release|Any CPU
		{817AF1A1-5946-48ED-AA2C-0F1440C718E0}.Debug|Any CPU.ActiveCfg = Debug|Any CPU
		{817AF1A1-5946-48ED-AA2C-0F1440C718E0}.Debug|Any CPU.Build.0 = Debug|Any CPU
		{817AF1A1-5946-48ED-AA2C-0F1440C718E0}.Release|Any CPU.ActiveCfg = Release|Any CPU
		{817AF1A1-5946-48ED-AA2C-0F1440C718E0}.Release|Any CPU.Build.0 = Release|Any CPU
		{419C22C8-C01A-4898-95B3-99A9849F1997}.Debug|Any CPU.ActiveCfg = Debug|Any CPU
		{419C22C8-C01A-4898-95B3-99A9849F1997}.Debug|Any CPU.Build.0 = Debug|Any CPU
		{419C22C8-C01A-4898-95B3-99A9849F1997}.Release|Any CPU.ActiveCfg = Release|Any CPU
		{419C22C8-C01A-4898-95B3-99A9849F1997}.Release|Any CPU.Build.0 = Release|Any CPU
	EndGlobalSection
EndGlobal
