
Microsoft Visual Studio Solution File, Format Version 12.00
Project("{2150E333-8FDC-42A3-9474-1A3956D46DE8}") = "src", "src", "{176B6A91-759D-4445-85B5-7BDE7E2FF648}"
EndProject
Project("{2150E333-8FDC-42A3-9474-1A3956D46DE8}") = "Api", "Api", "{A724DBB8-CB3B-4BEE-BDF0-40F34C87291F}"
EndProject
Project("{2150E333-8FDC-42A3-9474-1A3956D46DE8}") = "Modules", "Modules", "{7321A526-FF4F-4185-BB7A-0CE03C295A40}"
EndProject
Project("{2150E333-8FDC-42A3-9474-1A3956D46DE8}") = "Events", "Events", "{C162F711-9C4E-4C90-9166-C10CEDDE0E46}"
EndProject
Project("{2150E333-8FDC-42A3-9474-1A3956D46DE8}") = "Solution Items", "Solution Items", "{916530E6-3CEF-4100-A076-64B28382E8E9}"
	ProjectSection(SolutionItems) = preProject
		Directory.Build.props = Directory.Build.props
		compose.yml = compose.yml
		compose.override.yml = compose.override.yml
		.editorconfig = .editorconfig
		.gitignore = .gitignore
	EndProjectSection
EndProject
Project("{FAE04EC0-301F-11D3-BF4B-00C04F79EFBC}") = "Evently.Api", "Evently.Api\Evently.Api.csproj", "{9FBC4FB8-F0E8-4104-813F-89637975DE44}"
EndProject
Project("{FAE04EC0-301F-11D3-BF4B-00C04F79EFBC}") = "Evently.Modules.Events.Domain", "Evently.Modules.Events.Domain\Evently.Modules.Events.Domain.csproj", "{4C9137E7-4BA0-4C76-B0CD-F16364F680E3}"
EndProject
Project("{FAE04EC0-301F-11D3-BF4B-00C04F79EFBC}") = "Evently.Modules.Events.Application", "Evently.Modules.Events.Application\Evently.Modules.Events.Application.csproj", "{C12E919A-239D-4D1A-A4E8-65F3300084E7}"
EndProject
Project("{FAE04EC0-301F-11D3-BF4B-00C04F79EFBC}") = "Evently.Modules.Events.Presentation", "Evently.Modules.Events.Presentation\Evently.Modules.Events.Presentation.csproj", "{817AF1A1-5946-48ED-AA2C-0F1440C718E0}"
EndProject
Project("{FAE04EC0-301F-11D3-BF4B-00C04F79EFBC}") = "Evently.Modules.Events.Infrastructure", "Evently.Modules.Events.Infrastructure\Evently.Modules.Events.Infrastructure.csproj", "{419C22C8-C01A-4898-95B3-99A9849F1997}"
EndProject
Project("{2150E333-8FDC-42A3-9474-1A3956D46DE8}") = "Common", "Common", "{13E5BA3E-A8B6-411E-91E0-8AD25415B5AD}"
EndProject
Project("{FAE04EC0-301F-11D3-BF4B-00C04F79EFBC}") = "Evently.Common.Application", "Evently.Common.Application\Evently.Common.Application.csproj", "{AAE30B89-7AD1-42DC-90C4-9A83858000B6}"
EndProject
Project("{FAE04EC0-301F-11D3-BF4B-00C04F79EFBC}") = "Evently.Common.Domain", "Evently.Common.Domain\Evently.Common.Domain.csproj", "{15B71167-F404-4ED0-9BB5-26072472CBF7}"
EndProject
Project("{FAE04EC0-301F-11D3-BF4B-00C04F79EFBC}") = "Evently.Common.Infrastructure", "Evently.Common.Infrastructure\Evently.Common.Infrastructure.csproj", "{59B0413D-6B98-48AF-BEC3-465EB2F274D1}"
EndProject
Project("{FAE04EC0-301F-11D3-BF4B-00C04F79EFBC}") = "Evently.Common.Presentation", "Evently.Common.Presentation\Evently.Common.Presentation.csproj", "{5B2B8384-A358-407C-9815-0E9AB1FBD614}"
EndProject
Project("{2150E333-8FDC-42A3-9474-1A3956D46DE8}") = "Users", "Users", "{09F35542-F8E7-4E0F-8680-FD97D9932322}"
EndProject
Project("{FAE04EC0-301F-11D3-BF4B-00C04F79EFBC}") = "Evently.Modules.Users.Domain", "Evently.Modules.Users.Domain\Evently.Modules.Users.Domain.csproj", "{E595E480-3E86-4834-8401-F834F865E77F}"
EndProject
Project("{FAE04EC0-301F-11D3-BF4B-00C04F79EFBC}") = "Evently.Modules.Users.Application", "Evently.Modules.Users.Application\Evently.Modules.Users.Application.csproj", "{8DE34B05-C68F-46F1-A454-F4090C11CB99}"
EndProject
Project("{FAE04EC0-301F-11D3-BF4B-00C04F79EFBC}") = "Evently.Modules.Users.Infrastructure", "Evently.Modules.Users.Infrastructure\Evently.Modules.Users.Infrastructure.csproj", "{D1D2BDE3-DC6D-4C79-96A7-96F19A5C85EC}"
EndProject
Project("{FAE04EC0-301F-11D3-BF4B-00C04F79EFBC}") = "Evently.Modules.Users.Presentation", "Evently.Modules.Users.Presentation\Evently.Modules.Users.Presentation.csproj", "{E6CB802A-FA98-42B0-B0EF-BF58344812CE}"
EndProject
Global
	GlobalSection(SolutionConfigurationPlatforms) = preSolution
		Debug|Any CPU = Debug|Any CPU
		Release|Any CPU = Release|Any CPU
	EndGlobalSection
	GlobalSection(NestedProjects) = preSolution
		{A724DBB8-CB3B-4BEE-BDF0-40F34C87291F} = {176B6A91-759D-4445-85B5-7BDE7E2FF648}
		{7321A526-FF4F-4185-BB7A-0CE03C295A40} = {176B6A91-759D-4445-85B5-7BDE7E2FF648}
		{C162F711-9C4E-4C90-9166-C10CEDDE0E46} = {7321A526-FF4F-4185-BB7A-0CE03C295A40}
		{9FBC4FB8-F0E8-4104-813F-89637975DE44} = {A724DBB8-CB3B-4BEE-BDF0-40F34C87291F}
		{4C9137E7-4BA0-4C76-B0CD-F16364F680E3} = {C162F711-9C4E-4C90-9166-C10CEDDE0E46}
		{C12E919A-239D-4D1A-A4E8-65F3300084E7} = {C162F711-9C4E-4C90-9166-C10CEDDE0E46}
		{817AF1A1-5946-48ED-AA2C-0F1440C718E0} = {C162F711-9C4E-4C90-9166-C10CEDDE0E46}
		{419C22C8-C01A-4898-95B3-99A9849F1997} = {C162F711-9C4E-4C90-9166-C10CEDDE0E46}
		{13E5BA3E-A8B6-411E-91E0-8AD25415B5AD} = {176B6A91-759D-4445-85B5-7BDE7E2FF648}
		{AAE30B89-7AD1-42DC-90C4-9A83858000B6} = {13E5BA3E-A8B6-411E-91E0-8AD25415B5AD}
		{15B71167-F404-4ED0-9BB5-26072472CBF7} = {13E5BA3E-A8B6-411E-91E0-8AD25415B5AD}
		{59B0413D-6B98-48AF-BEC3-465EB2F274D1} = {13E5BA3E-A8B6-411E-91E0-8AD25415B5AD}
		{5B2B8384-A358-407C-9815-0E9AB1FBD614} = {13E5BA3E-A8B6-411E-91E0-8AD25415B5AD}
		{09F35542-F8E7-4E0F-8680-FD97D9932322} = {7321A526-FF4F-4185-BB7A-0CE03C295A40}
		{E595E480-3E86-4834-8401-F834F865E77F} = {09F35542-F8E7-4E0F-8680-FD97D9932322}
		{8DE34B05-C68F-46F1-A454-F4090C11CB99} = {09F35542-F8E7-4E0F-8680-FD97D9932322}
		{D1D2BDE3-DC6D-4C79-96A7-96F19A5C85EC} = {09F35542-F8E7-4E0F-8680-FD97D9932322}
		{E6CB802A-FA98-42B0-B0EF-BF58344812CE} = {09F35542-F8E7-4E0F-8680-FD97D9932322}
	EndGlobalSection
	GlobalSection(ProjectConfigurationPlatforms) = postSolution
		{9FBC4FB8-F0E8-4104-813F-89637975DE44}.Debug|Any CPU.ActiveCfg = Debug|Any CPU
		{9FBC4FB8-F0E8-4104-813F-89637975DE44}.Debug|Any CPU.Build.0 = Debug|Any CPU
		{9FBC4FB8-F0E8-4104-813F-89637975DE44}.Release|Any CPU.ActiveCfg = Release|Any CPU
		{9FBC4FB8-F0E8-4104-813F-89637975DE44}.Release|Any CPU.Build.0 = Release|Any CPU
		{4C9137E7-4BA0-4C76-B0CD-F16364F680E3}.Debug|Any CPU.ActiveCfg = Debug|Any CPU
		{4C9137E7-4BA0-4C76-B0CD-F16364F680E3}.Debug|Any CPU.Build.0 = Debug|Any CPU
		{4C9137E7-4BA0-4C76-B0CD-F16364F680E3}.Release|Any CPU.ActiveCfg = Release|Any CPU
		{4C9137E7-4BA0-4C76-B0CD-F16364F680E3}.Release|Any CPU.Build.0 = Release|Any CPU
		{C12E919A-239D-4D1A-A4E8-65F3300084E7}.Debug|Any CPU.ActiveCfg = Debug|Any CPU
		{C12E919A-239D-4D1A-A4E8-65F3300084E7}.Debug|Any CPU.Build.0 = Debug|Any CPU
		{C12E919A-239D-4D1A-A4E8-65F3300084E7}.Release|Any CPU.ActiveCfg = Release|Any CPU
		{C12E919A-239D-4D1A-A4E8-65F3300084E7}.Release|Any CPU.Build.0 = Release|Any CPU
		{817AF1A1-5946-48ED-AA2C-0F1440C718E0}.Debug|Any CPU.ActiveCfg = Debug|Any CPU
		{817AF1A1-5946-48ED-AA2C-0F1440C718E0}.Debug|Any CPU.Build.0 = Debug|Any CPU
		{817AF1A1-5946-48ED-AA2C-0F1440C718E0}.Release|Any CPU.ActiveCfg = Release|Any CPU
		{817AF1A1-5946-48ED-AA2C-0F1440C718E0}.Release|Any CPU.Build.0 = Release|Any CPU
		{419C22C8-C01A-4898-95B3-99A9849F1997}.Debug|Any CPU.ActiveCfg = Debug|Any CPU
		{419C22C8-C01A-4898-95B3-99A9849F1997}.Debug|Any CPU.Build.0 = Debug|Any CPU
		{419C22C8-C01A-4898-95B3-99A9849F1997}.Release|Any CPU.ActiveCfg = Release|Any CPU
		{419C22C8-C01A-4898-95B3-99A9849F1997}.Release|Any CPU.Build.0 = Release|Any CPU
		{AAE30B89-7AD1-42DC-90C4-9A83858000B6}.Debug|Any CPU.ActiveCfg = Debug|Any CPU
		{AAE30B89-7AD1-42DC-90C4-9A83858000B6}.Debug|Any CPU.Build.0 = Debug|Any CPU
		{AAE30B89-7AD1-42DC-90C4-9A83858000B6}.Release|Any CPU.ActiveCfg = Release|Any CPU
		{AAE30B89-7AD1-42DC-90C4-9A83858000B6}.Release|Any CPU.Build.0 = Release|Any CPU
		{15B71167-F404-4ED0-9BB5-26072472CBF7}.Debug|Any CPU.ActiveCfg = Debug|Any CPU
		{15B71167-F404-4ED0-9BB5-26072472CBF7}.Debug|Any CPU.Build.0 = Debug|Any CPU
		{15B71167-F404-4ED0-9BB5-26072472CBF7}.Release|Any CPU.ActiveCfg = Release|Any CPU
		{15B71167-F404-4ED0-9BB5-26072472CBF7}.Release|Any CPU.Build.0 = Release|Any CPU
		{59B0413D-6B98-48AF-BEC3-465EB2F274D1}.Debug|Any CPU.ActiveCfg = Debug|Any CPU
		{59B0413D-6B98-48AF-BEC3-465EB2F274D1}.Debug|Any CPU.Build.0 = Debug|Any CPU
		{59B0413D-6B98-48AF-BEC3-465EB2F274D1}.Release|Any CPU.ActiveCfg = Release|Any CPU
		{59B0413D-6B98-48AF-BEC3-465EB2F274D1}.Release|Any CPU.Build.0 = Release|Any CPU
		{5B2B8384-A358-407C-9815-0E9AB1FBD614}.Debug|Any CPU.ActiveCfg = Debug|Any CPU
		{5B2B8384-A358-407C-9815-0E9AB1FBD614}.Debug|Any CPU.Build.0 = Debug|Any CPU
		{5B2B8384-A358-407C-9815-0E9AB1FBD614}.Release|Any CPU.ActiveCfg = Release|Any CPU
		{5B2B8384-A358-407C-9815-0E9AB1FBD614}.Release|Any CPU.Build.0 = Release|Any CPU
		{E595E480-3E86-4834-8401-F834F865E77F}.Debug|Any CPU.ActiveCfg = Debug|Any CPU
		{E595E480-3E86-4834-8401-F834F865E77F}.Debug|Any CPU.Build.0 = Debug|Any CPU
		{E595E480-3E86-4834-8401-F834F865E77F}.Release|Any CPU.ActiveCfg = Release|Any CPU
		{E595E480-3E86-4834-8401-F834F865E77F}.Release|Any CPU.Build.0 = Release|Any CPU
		{8DE34B05-C68F-46F1-A454-F4090C11CB99}.Debug|Any CPU.ActiveCfg = Debug|Any CPU
		{8DE34B05-C68F-46F1-A454-F4090C11CB99}.Debug|Any CPU.Build.0 = Debug|Any CPU
		{8DE34B05-C68F-46F1-A454-F4090C11CB99}.Release|Any CPU.ActiveCfg = Release|Any CPU
		{8DE34B05-C68F-46F1-A454-F4090C11CB99}.Release|Any CPU.Build.0 = Release|Any CPU
		{D1D2BDE3-DC6D-4C79-96A7-96F19A5C85EC}.Debug|Any CPU.ActiveCfg = Debug|Any CPU
		{D1D2BDE3-DC6D-4C79-96A7-96F19A5C85EC}.Debug|Any CPU.Build.0 = Debug|Any CPU
		{D1D2BDE3-DC6D-4C79-96A7-96F19A5C85EC}.Release|Any CPU.ActiveCfg = Release|Any CPU
		{D1D2BDE3-DC6D-4C79-96A7-96F19A5C85EC}.Release|Any CPU.Build.0 = Release|Any CPU
		{E6CB802A-FA98-42B0-B0EF-BF58344812CE}.Debug|Any CPU.ActiveCfg = Debug|Any CPU
		{E6CB802A-FA98-42B0-B0EF-BF58344812CE}.Debug|Any CPU.Build.0 = Debug|Any CPU
		{E6CB802A-FA98-42B0-B0EF-BF58344812CE}.Release|Any CPU.ActiveCfg = Release|Any CPU
		{E6CB802A-FA98-42B0-B0EF-BF58344812CE}.Release|Any CPU.Build.0 = Release|Any CPU
	EndGlobalSection
EndGlobal
